
Microsoft Visual Studio Solution File, Format Version 12.00
# Visual Studio Version 17
VisualStudioVersion = 17.5.33516.290
MinimumVisualStudioVersion = 10.0.40219.1
Project("{FAE04EC0-301F-11D3-BF4B-00C04F79EFBC}") = "mycoreapp", "mycoreapp.csproj", "{A8C65FEC-5C25-4F13-B0F5-94F39E7B20FE}"
EndProject
Global
	GlobalSection(SolutionConfigurationPlatforms) = preSolution
		Debug|Any CPU = Debug|Any CPU
		Release|Any CPU = Release|Any CPU
	EndGlobalSection
	GlobalSection(ProjectConfigurationPlatforms) = postSolution
		{A8C65FEC-5C25-4F13-B0F5-94F39E7B20FE}.Debug|Any CPU.ActiveCfg = Debug|Any CPU
		{A8C65FEC-5C25-4F13-B0F5-94F39E7B20FE}.Debug|Any CPU.Build.0 = Debug|Any CPU
		{A8C65FEC-5C25-4F13-B0F5-94F39E7B20FE}.Release|Any CPU.ActiveCfg = Release|Any CPU
		{A8C65FEC-5C25-4F13-B0F5-94F39E7B20FE}.Release|Any CPU.Build.0 = Release|Any CPU
	EndGlobalSection
	GlobalSection(SolutionProperties) = preSolution
		HideSolutionNode = FALSE
	EndGlobalSection
	GlobalSection(ExtensibilityGlobals) = postSolution
		SolutionGuid = {D6F22CA6-EB49-459B-9E70-87C237F0E57A}
	EndGlobalSection
EndGlobal
